
Microsoft Visual Studio Solution File, Format Version 12.00
# Visual Studio Version 16
VisualStudioVersion = 16.0.30011.22
MinimumVisualStudioVersion = 10.0.40219.1
Project("{9A19103F-16F7-4668-BE54-9A1E7A4F7556}") = "LambdaCSharpWebAPI", "LambdaCSharpWebAPI\LambdaCSharpWebAPI.csproj", "{A9EFA9A9-98E4-4976-8308-489581796B00}"
EndProject
Project("{9A19103F-16F7-4668-BE54-9A1E7A4F7556}") = "LambdaCSharpWebAPI.Tests", "LambdaCSharpWebAPI.Tests\LambdaCSharpWebAPI.Tests.csproj", "{C1A72D97-AE08-4F61-AB6C-EE86872DF6B2}"
EndProject
Global
	GlobalSection(SolutionConfigurationPlatforms) = preSolution
		Debug|Any CPU = Debug|Any CPU
		Release|Any CPU = Release|Any CPU
	EndGlobalSection
	GlobalSection(ProjectConfigurationPlatforms) = postSolution
		{A9EFA9A9-98E4-4976-8308-489581796B00}.Debug|Any CPU.ActiveCfg = Debug|Any CPU
		{A9EFA9A9-98E4-4976-8308-489581796B00}.Debug|Any CPU.Build.0 = Debug|Any CPU
		{A9EFA9A9-98E4-4976-8308-489581796B00}.Release|Any CPU.ActiveCfg = Release|Any CPU
		{A9EFA9A9-98E4-4976-8308-489581796B00}.Release|Any CPU.Build.0 = Release|Any CPU
		{C1A72D97-AE08-4F61-AB6C-EE86872DF6B2}.Debug|Any CPU.ActiveCfg = Debug|Any CPU
		{C1A72D97-AE08-4F61-AB6C-EE86872DF6B2}.Debug|Any CPU.Build.0 = Debug|Any CPU
		{C1A72D97-AE08-4F61-AB6C-EE86872DF6B2}.Release|Any CPU.ActiveCfg = Release|Any CPU
		{C1A72D97-AE08-4F61-AB6C-EE86872DF6B2}.Release|Any CPU.Build.0 = Release|Any CPU
	EndGlobalSection
	GlobalSection(SolutionProperties) = preSolution
		HideSolutionNode = FALSE
	EndGlobalSection
	GlobalSection(ExtensibilityGlobals) = postSolution
		SolutionGuid = {47EEEC32-03CB-496A-8291-D6A2BC0BDDCD}
	EndGlobalSection
EndGlobal
